
Microsoft Visual Studio Solution File, Format Version 12.00
# Visual Studio Version 17
VisualStudioVersion = 17.13.35931.197 d17.13
MinimumVisualStudioVersion = 10.0.40219.1
Project("{FAE04EC0-301F-11D3-BF4B-00C04F79EFBC}") = "OrderManagementSystem.API", "OrderManagementSystem.API\OrderManagementSystem.API.csproj", "{11561840-EAC7-4B3A-815A-2D8BF4139CF0}"
EndProject
Project("{FAE04EC0-301F-11D3-BF4B-00C04F79EFBC}") = "OrderManagementSystem.Application", "OrderManagementSystem.Application\OrderManagementSystem.Application.csproj", "{6D0887C6-61EB-4CC7-9F16-076525C2D252}"
EndProject
Project("{FAE04EC0-301F-11D3-BF4B-00C04F79EFBC}") = "OrderManagementSystem.Domain", "OrderManagementSystem.Domain\OrderManagementSystem.Domain.csproj", "{BB6AD29F-2546-492F-89D6-057426791851}"
EndProject
Project("{FAE04EC0-301F-11D3-BF4B-00C04F79EFBC}") = "OrderManagementSystem.Infrastructure", "OrderManagementSystem.Infrastructure\OrderManagementSystem.Infrastructure.csproj", "{D6FEB799-87ED-42C7-A36A-76312959B679}"
EndProject
Project("{FAE04EC0-301F-11D3-BF4B-00C04F79EFBC}") = "OrderManagementSystem.Tests", "OrderManagementSystem.Tests\OrderManagementSystem.Tests.csproj", "{DBDB3E10-6EFA-4CFF-8EBC-C817919D89EA}"
EndProject
Global
	GlobalSection(SolutionConfigurationPlatforms) = preSolution
		Debug|Any CPU = Debug|Any CPU
		Release|Any CPU = Release|Any CPU
	EndGlobalSection
	GlobalSection(ProjectConfigurationPlatforms) = postSolution
		{11561840-EAC7-4B3A-815A-2D8BF4139CF0}.Debug|Any CPU.ActiveCfg = Debug|Any CPU
		{11561840-EAC7-4B3A-815A-2D8BF4139CF0}.Debug|Any CPU.Build.0 = Debug|Any CPU
		{11561840-EAC7-4B3A-815A-2D8BF4139CF0}.Release|Any CPU.ActiveCfg = Release|Any CPU
		{11561840-EAC7-4B3A-815A-2D8BF4139CF0}.Release|Any CPU.Build.0 = Release|Any CPU
		{6D0887C6-61EB-4CC7-9F16-076525C2D252}.Debug|Any CPU.ActiveCfg = Debug|Any CPU
		{6D0887C6-61EB-4CC7-9F16-076525C2D252}.Debug|Any CPU.Build.0 = Debug|Any CPU
		{6D0887C6-61EB-4CC7-9F16-076525C2D252}.Release|Any CPU.ActiveCfg = Release|Any CPU
		{6D0887C6-61EB-4CC7-9F16-076525C2D252}.Release|Any CPU.Build.0 = Release|Any CPU
		{BB6AD29F-2546-492F-89D6-057426791851}.Debug|Any CPU.ActiveCfg = Debug|Any CPU
		{BB6AD29F-2546-492F-89D6-057426791851}.Debug|Any CPU.Build.0 = Debug|Any CPU
		{BB6AD29F-2546-492F-89D6-057426791851}.Release|Any CPU.ActiveCfg = Release|Any CPU
		{BB6AD29F-2546-492F-89D6-057426791851}.Release|Any CPU.Build.0 = Release|Any CPU
		{D6FEB799-87ED-42C7-A36A-76312959B679}.Debug|Any CPU.ActiveCfg = Debug|Any CPU
		{D6FEB799-87ED-42C7-A36A-76312959B679}.Debug|Any CPU.Build.0 = Debug|Any CPU
		{D6FEB799-87ED-42C7-A36A-76312959B679}.Release|Any CPU.ActiveCfg = Release|Any CPU
		{D6FEB799-87ED-42C7-A36A-76312959B679}.Release|Any CPU.Build.0 = Release|Any CPU
		{DBDB3E10-6EFA-4CFF-8EBC-C817919D89EA}.Debug|Any CPU.ActiveCfg = Debug|Any CPU
		{DBDB3E10-6EFA-4CFF-8EBC-C817919D89EA}.Debug|Any CPU.Build.0 = Debug|Any CPU
		{DBDB3E10-6EFA-4CFF-8EBC-C817919D89EA}.Release|Any CPU.ActiveCfg = Release|Any CPU
		{DBDB3E10-6EFA-4CFF-8EBC-C817919D89EA}.Release|Any CPU.Build.0 = Release|Any CPU
	EndGlobalSection
	GlobalSection(SolutionProperties) = preSolution
		HideSolutionNode = FALSE
	EndGlobalSection
	GlobalSection(ExtensibilityGlobals) = postSolution
		SolutionGuid = {BC9BF89B-ABEC-42FD-AE0D-B7FD7F124557}
	EndGlobalSection
EndGlobal
